
Microsoft Visual Studio Solution File, Format Version 12.00
# Visual Studio Version 17
VisualStudioVersion = 17.9.34728.123
MinimumVisualStudioVersion = 10.0.40219.1
Project("{FAE04EC0-301F-11D3-BF4B-00C04F79EFBC}") = "MoneyExchangeAPI", "MoneyExchangeAPI\MoneyExchangeAPI.csproj", "{DB61318E-7529-46FE-AD76-D29C3E207635}"
EndProject
Global
	GlobalSection(SolutionConfigurationPlatforms) = preSolution
		Debug|Any CPU = Debug|Any CPU
		Release|Any CPU = Release|Any CPU
	EndGlobalSection
	GlobalSection(ProjectConfigurationPlatforms) = postSolution
		{DB61318E-7529-46FE-AD76-D29C3E207635}.Debug|Any CPU.ActiveCfg = Debug|Any CPU
		{DB61318E-7529-46FE-AD76-D29C3E207635}.Debug|Any CPU.Build.0 = Debug|Any CPU
		{DB61318E-7529-46FE-AD76-D29C3E207635}.Release|Any CPU.ActiveCfg = Release|Any CPU
		{DB61318E-7529-46FE-AD76-D29C3E207635}.Release|Any CPU.Build.0 = Release|Any CPU
	EndGlobalSection
	GlobalSection(SolutionProperties) = preSolution
		HideSolutionNode = FALSE
	EndGlobalSection
	GlobalSection(ExtensibilityGlobals) = postSolution
		SolutionGuid = {BF4E7297-EB7C-4F78-8BE7-E56850646236}
	EndGlobalSection
EndGlobal
